
Microsoft Visual Studio Solution File, Format Version 12.00
# Visual Studio Version 17
VisualStudioVersion = 17.7.34202.233
MinimumVisualStudioVersion = 10.0.40219.1
Project("{8BC9CEB8-8B4A-11D0-8D11-00A0C91BC942}") = "bai 1", "bai 1\bai 1.vcxproj", "{7A3682EE-CC11-4A00-B24B-AA7468A83ED3}"
EndProject
Project("{8BC9CEB8-8B4A-11D0-8D11-00A0C91BC942}") = "bai2", "bai2\bai2.vcxproj", "{88EEDFB1-82FB-4963-BCD6-C83E35BDF014}"
EndProject
Project("{8BC9CEB8-8B4A-11D0-8D11-00A0C91BC942}") = "bai3", "bai3\bai3.vcxproj", "{C024AD4D-D604-4082-9229-3624CA948DC1}"
EndProject
Project("{8BC9CEB8-8B4A-11D0-8D11-00A0C91BC942}") = "bai4", "bai4\bai4.vcxproj", "{7A31C270-8391-4FD7-9CE2-64C59A00B1AC}"
EndProject
Project("{8BC9CEB8-8B4A-11D0-8D11-00A0C91BC942}") = "bai5", "BT4\BT4.vcxproj", "{4155C2AF-C409-44BE-B96E-9F906FA65CA3}"
EndProject
Project("{8BC9CEB8-8B4A-11D0-8D11-00A0C91BC942}") = "bai6", "bai6\bai6.vcxproj", "{3DDB3C98-1F74-4562-B640-CDA2852144B7}"
EndProject
Project("{8BC9CEB8-8B4A-11D0-8D11-00A0C91BC942}") = "bai7", "bai7\bai7.vcxproj", "{FD6920B1-167E-422C-8289-4EDC91C5884D}"
EndProject
Project("{8BC9CEB8-8B4A-11D0-8D11-00A0C91BC942}") = "bai8", "bai 8\bai 8.vcxproj", "{7FA8A464-D06B-4629-8123-77A634E7C020}"
EndProject
Project("{8BC9CEB8-8B4A-11D0-8D11-00A0C91BC942}") = "bai9", "bai9\bai9.vcxproj", "{EE9C0505-7535-464C-84C1-4CC40DE6B484}"
EndProject
Project("{8BC9CEB8-8B4A-11D0-8D11-00A0C91BC942}") = "bai10", "bai10\bai10.vcxproj", "{A118A7E5-9139-48C8-8F92-3A098AEFE5CD}"
EndProject
Global
	GlobalSection(SolutionConfigurationPlatforms) = preSolution
		Debug|x64 = Debug|x64
		Debug|x86 = Debug|x86
		Release|x64 = Release|x64
		Release|x86 = Release|x86
	EndGlobalSection
	GlobalSection(ProjectConfigurationPlatforms) = postSolution
		{7A3682EE-CC11-4A00-B24B-AA7468A83ED3}.Debug|x64.ActiveCfg = Debug|x64
		{7A3682EE-CC11-4A00-B24B-AA7468A83ED3}.Debug|x64.Build.0 = Debug|x64
		{7A3682EE-CC11-4A00-B24B-AA7468A83ED3}.Debug|x86.ActiveCfg = Debug|Win32
		{7A3682EE-CC11-4A00-B24B-AA7468A83ED3}.Debug|x86.Build.0 = Debug|Win32
		{7A3682EE-CC11-4A00-B24B-AA7468A83ED3}.Release|x64.ActiveCfg = Release|x64
		{7A3682EE-CC11-4A00-B24B-AA7468A83ED3}.Release|x64.Build.0 = Release|x64
		{7A3682EE-CC11-4A00-B24B-AA7468A83ED3}.Release|x86.ActiveCfg = Release|Win32
		{7A3682EE-CC11-4A00-B24B-AA7468A83ED3}.Release|x86.Build.0 = Release|Win32
		{88EEDFB1-82FB-4963-BCD6-C83E35BDF014}.Debug|x64.ActiveCfg = Debug|x64
		{88EEDFB1-82FB-4963-BCD6-C83E35BDF014}.Debug|x64.Build.0 = Debug|x64
		{88EEDFB1-82FB-4963-BCD6-C83E35BDF014}.Debug|x86.ActiveCfg = Debug|Win32
		{88EEDFB1-82FB-4963-BCD6-C83E35BDF014}.Debug|x86.Build.0 = Debug|Win32
		{88EEDFB1-82FB-4963-BCD6-C83E35BDF014}.Release|x64.ActiveCfg = Release|x64
		{88EEDFB1-82FB-4963-BCD6-C83E35BDF014}.Release|x64.Build.0 = Release|x64
		{88EEDFB1-82FB-4963-BCD6-C83E35BDF014}.Release|x86.ActiveCfg = Release|Win32
		{88EEDFB1-82FB-4963-BCD6-C83E35BDF014}.Release|x86.Build.0 = Release|Win32
		{C024AD4D-D604-4082-9229-3624CA948DC1}.Debug|x64.ActiveCfg = Debug|x64
		{C024AD4D-D604-4082-9229-3624CA948DC1}.Debug|x64.Build.0 = Debug|x64
		{C024AD4D-D604-4082-9229-3624CA948DC1}.Debug|x86.ActiveCfg = Debug|Win32
		{C024AD4D-D604-4082-9229-3624CA948DC1}.Debug|x86.Build.0 = Debug|Win32
		{C024AD4D-D604-4082-9229-3624CA948DC1}.Release|x64.ActiveCfg = Release|x64
		{C024AD4D-D604-4082-9229-3624CA948DC1}.Release|x64.Build.0 = Release|x64
		{C024AD4D-D604-4082-9229-3624CA948DC1}.Release|x86.ActiveCfg = Release|Win32
		{C024AD4D-D604-4082-9229-3624CA948DC1}.Release|x86.Build.0 = Release|Win32
		{7A31C270-8391-4FD7-9CE2-64C59A00B1AC}.Debug|x64.ActiveCfg = Debug|x64
		{7A31C270-8391-4FD7-9CE2-64C59A00B1AC}.Debug|x64.Build.0 = Debug|x64
		{7A31C270-8391-4FD7-9CE2-64C59A00B1AC}.Debug|x86.ActiveCfg = Debug|Win32
		{7A31C270-8391-4FD7-9CE2-64C59A00B1AC}.Debug|x86.Build.0 = Debug|Win32
		{7A31C270-8391-4FD7-9CE2-64C59A00B1AC}.Release|x64.ActiveCfg = Release|x64
		{7A31C270-8391-4FD7-9CE2-64C59A00B1AC}.Release|x64.Build.0 = Release|x64
		{7A31C270-8391-4FD7-9CE2-64C59A00B1AC}.Release|x86.ActiveCfg = Release|Win32
		{7A31C270-8391-4FD7-9CE2-64C59A00B1AC}.Release|x86.Build.0 = Release|Win32
		{4155C2AF-C409-44BE-B96E-9F906FA65CA3}.Debug|x64.ActiveCfg = Debug|x64
		{4155C2AF-C409-44BE-B96E-9F906FA65CA3}.Debug|x64.Build.0 = Debug|x64
		{4155C2AF-C409-44BE-B96E-9F906FA65CA3}.Debug|x86.ActiveCfg = Debug|Win32
		{4155C2AF-C409-44BE-B96E-9F906FA65CA3}.Debug|x86.Build.0 = Debug|Win32
		{4155C2AF-C409-44BE-B96E-9F906FA65CA3}.Release|x64.ActiveCfg = Release|x64
		{4155C2AF-C409-44BE-B96E-9F906FA65CA3}.Release|x64.Build.0 = Release|x64
		{4155C2AF-C409-44BE-B96E-9F906FA65CA3}.Release|x86.ActiveCfg = Release|Win32
		{4155C2AF-C409-44BE-B96E-9F906FA65CA3}.Release|x86.Build.0 = Release|Win32
		{3DDB3C98-1F74-4562-B640-CDA2852144B7}.Debug|x64.ActiveCfg = Debug|x64
		{3DDB3C98-1F74-4562-B640-CDA2852144B7}.Debug|x64.Build.0 = Debug|x64
		{3DDB3C98-1F74-4562-B640-CDA2852144B7}.Debug|x86.ActiveCfg = Debug|Win32
		{3DDB3C98-1F74-4562-B640-CDA2852144B7}.Debug|x86.Build.0 = Debug|Win32
		{3DDB3C98-1F74-4562-B640-CDA2852144B7}.Release|x64.ActiveCfg = Release|x64
		{3DDB3C98-1F74-4562-B640-CDA2852144B7}.Release|x64.Build.0 = Release|x64
		{3DDB3C98-1F74-4562-B640-CDA2852144B7}.Release|x86.ActiveCfg = Release|Win32
		{3DDB3C98-1F74-4562-B640-CDA2852144B7}.Release|x86.Build.0 = Release|Win32
		{FD6920B1-167E-422C-8289-4EDC91C5884D}.Debug|x64.ActiveCfg = Debug|x64
		{FD6920B1-167E-422C-8289-4EDC91C5884D}.Debug|x64.Build.0 = Debug|x64
		{FD6920B1-167E-422C-8289-4EDC91C5884D}.Debug|x86.ActiveCfg = Debug|Win32
		{FD6920B1-167E-422C-8289-4EDC91C5884D}.Debug|x86.Build.0 = Debug|Win32
		{FD6920B1-167E-422C-8289-4EDC91C5884D}.Release|x64.ActiveCfg = Release|x64
		{FD6920B1-167E-422C-8289-4EDC91C5884D}.Release|x64.Build.0 = Release|x64
		{FD6920B1-167E-422C-8289-4EDC91C5884D}.Release|x86.ActiveCfg = Release|Win32
		{FD6920B1-167E-422C-8289-4EDC91C5884D}.Release|x86.Build.0 = Release|Win32
		{7FA8A464-D06B-4629-8123-77A634E7C020}.Debug|x64.ActiveCfg = Debug|x64
		{7FA8A464-D06B-4629-8123-77A634E7C020}.Debug|x64.Build.0 = Debug|x64
		{7FA8A464-D06B-4629-8123-77A634E7C020}.Debug|x86.ActiveCfg = Debug|Win32
		{7FA8A464-D06B-4629-8123-77A634E7C020}.Debug|x86.Build.0 = Debug|Win32
		{7FA8A464-D06B-4629-8123-77A634E7C020}.Release|x64.ActiveCfg = Release|x64
		{7FA8A464-D06B-4629-8123-77A634E7C020}.Release|x64.Build.0 = Release|x64
		{7FA8A464-D06B-4629-8123-77A634E7C020}.Release|x86.ActiveCfg = Release|Win32
		{7FA8A464-D06B-4629-8123-77A634E7C020}.Release|x86.Build.0 = Release|Win32
		{EE9C0505-7535-464C-84C1-4CC40DE6B484}.Debug|x64.ActiveCfg = Debug|x64
		{EE9C0505-7535-464C-84C1-4CC40DE6B484}.Debug|x64.Build.0 = Debug|x64
		{EE9C0505-7535-464C-84C1-4CC40DE6B484}.Debug|x86.ActiveCfg = Debug|Win32
		{EE9C0505-7535-464C-84C1-4CC40DE6B484}.Debug|x86.Build.0 = Debug|Win32
		{EE9C0505-7535-464C-84C1-4CC40DE6B484}.Release|x64.ActiveCfg = Release|x64
		{EE9C0505-7535-464C-84C1-4CC40DE6B484}.Release|x64.Build.0 = Release|x64
		{EE9C0505-7535-464C-84C1-4CC40DE6B484}.Release|x86.ActiveCfg = Release|Win32
		{EE9C0505-7535-464C-84C1-4CC40DE6B484}.Release|x86.Build.0 = Release|Win32
		{A118A7E5-9139-48C8-8F92-3A098AEFE5CD}.Debug|x64.ActiveCfg = Debug|x64
		{A118A7E5-9139-48C8-8F92-3A098AEFE5CD}.Debug|x64.Build.0 = Debug|x64
		{A118A7E5-9139-48C8-8F92-3A098AEFE5CD}.Debug|x86.ActiveCfg = Debug|Win32
		{A118A7E5-9139-48C8-8F92-3A098AEFE5CD}.Debug|x86.Build.0 = Debug|Win32
		{A118A7E5-9139-48C8-8F92-3A098AEFE5CD}.Release|x64.ActiveCfg = Release|x64
		{A118A7E5-9139-48C8-8F92-3A098AEFE5CD}.Release|x64.Build.0 = Release|x64
		{A118A7E5-9139-48C8-8F92-3A098AEFE5CD}.Release|x86.ActiveCfg = Release|Win32
		{A118A7E5-9139-48C8-8F92-3A098AEFE5CD}.Release|x86.Build.0 = Release|Win32
	EndGlobalSection
	GlobalSection(SolutionProperties) = preSolution
		HideSolutionNode = FALSE
	EndGlobalSection
	GlobalSection(ExtensibilityGlobals) = postSolution
		SolutionGuid = {205B9F17-565D-4904-BBFC-0B7E74B22058}
	EndGlobalSection
EndGlobal
